<?xml version="1.0" encoding="utf-8"?>
<Project ToolsVersion="4.0" xmlns="http://schemas.microsoft.com/developer/msbuild/2003">
  <ItemGroup>
    <Filter Include="Common">
      <UniqueIdentifier>f43bc63d-42b1-4137-a6d6-af20f9f4a727</UniqueIdentifier>
    </Filter>
    <Filter Include="Assets">
      <UniqueIdentifier>6fbe0887-1567-49e3-a32a-8eb2e1afcfe7</UniqueIdentifier>
      <Extensions>ico;cur;bmp;dds;dlg;fbx;rct;bin;rgs;gif;jpg;jpeg;jpe;resx;tga;tiff;tif;png;wav;mfcribbon-ms</Extensions>
    </Filter>
    <Filter Include="GUI">
      <UniqueIdentifier>{a9b94d00-01a1-4eef-a8e6-2d078145d610}</UniqueIdentifier>
    </Filter>
    <Filter Include="Process">
      <UniqueIdentifier>{f1a421d0-4c3f-4fc7-a035-e07ba9b13ffc}</UniqueIdentifier>
    </Filter>
    <Filter Include="SceneManager">
      <UniqueIdentifier>{16b21083-657c-4456-b92c-768910b24a26}</UniqueIdentifier>
    </Filter>
    <Filter Include="RmlUI">
      <UniqueIdentifier>{a9ff1c91-9d61-4cf8-9a67-252e96677c56}</UniqueIdentifier>
    </Filter>
    <Filter Include="Utils">
      <UniqueIdentifier>{8adf3145-5fdf-4422-aa46-d4e72564c64e}</UniqueIdentifier>
    </Filter>
  </ItemGroup>
  <ItemGroup>
    <ClInclude Include="pch.h" />
    <ClInclude Include="Game.h" />
    <ClInclude Include="StepTimer.h">
      <Filter>Common</Filter>
    </ClInclude>
    <ClInclude Include="DeviceResources.h">
      <Filter>Common</Filter>
    </ClInclude>
    <ClInclude Include="Sprite_old.h" />
    <ClInclude Include="json.hpp" />
    <ClInclude Include="Setting.h" />
    <ClInclude Include="GUI\Canvas.h">
      <Filter>GUI</Filter>
    </ClInclude>
    <ClInclude Include="GUI\GUIBase.h">
      <Filter>GUI</Filter>
    </ClInclude>
    <ClInclude Include="GUI\Image.h">
      <Filter>GUI</Filter>
    </ClInclude>
    <ClInclude Include="GUI\Text.h">
      <Filter>GUI</Filter>
    </ClInclude>
    <ClInclude Include="GUI\LayoutLoader.h">
      <Filter>GUI</Filter>
    </ClInclude>
    <ClInclude Include="GameProcess.h">
      <Filter>Process</Filter>
    </ClInclude>
    <ClInclude Include="IProcess.h">
      <Filter>Process</Filter>
    </ClInclude>
    <ClInclude Include="LoginProcess.h">
      <Filter>Process</Filter>
    </ClInclude>
    <ClInclude Include="SelectProcess.h">
      <Filter>Process</Filter>
    </ClInclude>
    <ClInclude Include="MirWorldRenderManager.h">
      <Filter>SceneManager</Filter>
    </ClInclude>
    <ClInclude Include="SceneManager.h">
      <Filter>SceneManager</Filter>
    </ClInclude>
    <ClInclude Include="SpriteHandleHolder.hpp">
      <Filter>SceneManager</Filter>
    </ClInclude>
    <ClInclude Include="WilSpriteManager.h">
      <Filter>SceneManager</Filter>
    </ClInclude>
    <ClInclude Include="ProcessManager.h">
      <Filter>Process</Filter>
    </ClInclude>
    <ClInclude Include="EventSystem.h">
      <Filter>GUI</Filter>
    </ClInclude>
    <ClInclude Include="tinyxml2.h">
      <Filter>Utils</Filter>
    </ClInclude>
    <ClInclude Include="StringCodec.hpp">
      <Filter>Utils</Filter>
    </ClInclude>
    <ClInclude Include="DX11RmlRenderer.h">
      <Filter>RmlUI</Filter>
    </ClInclude>
    <ClInclude Include="RmlUiAdapter.h">
      <Filter>RmlUI</Filter>
    </ClInclude>
    <ClInclude Include="RmlUi_Platform_Win32.h">
      <Filter>RmlUI</Filter>
    </ClInclude>
  </ItemGroup>
  <ItemGroup>
    <ClCompile Include="pch.cpp" />
    <ClCompile Include="Main.cpp" />
    <ClCompile Include="DeviceResources.cpp">
      <Filter>Common</Filter>
    </ClCompile>
    <ClCompile Include="Sprite_old.cpp" />
    <ClCompile Include="Game.cpp" />
    <ClCompile Include="Setting.cpp" />
    <ClCompile Include="GUI\Canvas.cpp">
      <Filter>GUI</Filter>
    </ClCompile>
    <ClCompile Include="GUI\GUIBase.cpp">
      <Filter>GUI</Filter>
    </ClCompile>
    <ClCompile Include="GUI\Image.cpp">
      <Filter>GUI</Filter>
    </ClCompile>
    <ClCompile Include="GUI\Text.cpp">
      <Filter>GUI</Filter>
    </ClCompile>
    <ClCompile Include="GUI\LayoutLoader.cpp">
      <Filter>GUI</Filter>
    </ClCompile>
    <ClCompile Include="GameProcess.cpp">
      <Filter>Process</Filter>
    </ClCompile>
    <ClCompile Include="LoginProcess.cpp">
      <Filter>Process</Filter>
    </ClCompile>
    <ClCompile Include="SelectProcess.cpp">
      <Filter>Process</Filter>
    </ClCompile>
    <ClCompile Include="MirWorldRenderManager.cpp">
      <Filter>SceneManager</Filter>
    </ClCompile>
    <ClCompile Include="SceneManager.cpp">
      <Filter>SceneManager</Filter>
    </ClCompile>
    <ClCompile Include="WilSpriteManager.cpp">
      <Filter>SceneManager</Filter>
    </ClCompile>
    <ClCompile Include="ProcessManager.cpp">
      <Filter>Process</Filter>
    </ClCompile>
    <ClCompile Include="EventSystem.cpp">
      <Filter>GUI</Filter>
    </ClCompile>
    <ClCompile Include="tinyxml2.cpp">
      <Filter>Utils</Filter>
    </ClCompile>
    <ClCompile Include="DX11RmlRenderer.cpp">
      <Filter>RmlUI</Filter>
    </ClCompile>
    <ClCompile Include="RmlUiAdapter.cpp">
      <Filter>RmlUI</Filter>
    </ClCompile>
    <ClCompile Include="RmlUi_Platform_Win32.cpp">
      <Filter>RmlUI</Filter>
    </ClCompile>
  </ItemGroup>
  <ItemGroup>
    <ResourceCompile Include="resource.rc" />
  </ItemGroup>
  <ItemGroup>
    <Image Include="mir.ico">
      <Filter>Assets</Filter>
    </Image>
  </ItemGroup>
  <ItemGroup>
    <Manifest Include="settings.manifest">
      <Filter>Assets</Filter>
    </Manifest>
  </ItemGroup>
</Project>